PODS:
  - PDFGenerator (3.1.0)
  - PryntTrimmerView (4.0.0)
  - SteviaLayout (4.7.3)
  - YPImagePicker (4.2.1):
    - PryntTrimmerView (~> 4.0.0)
    - SteviaLayout (~> 4.7.3)

DEPENDENCIES:
  - PDFGenerator (~> 3.0)
  - YPImagePicker

SPEC REPOS:
  https://github.com/CocoaPods/Specs.git:
    - PDFGenerator
    - PryntTrimmerView
    - SteviaLayout
    - YPImagePicker

SPEC CHECKSUMS:
  PDFGenerator: 17d6bc525db0a3fcd156fbf00f9d1b8d5cc75d1e
  PryntTrimmerView: 67e67573ffd4c073f1308effa66aefd0cfa667a0
  SteviaLayout: c2ecdcff57d44e38fd2f65e54ad52aeae28ca0c4
  YPImagePicker: 3b88ca0c50134af2856c48c481572c98a8b8b65b

PODFILE CHECKSUM: 450554c392f551781bce6d692372645f9a73e0ad

COCOAPODS: 1.9.3
